// !$*UTF8*$!
{
	archiveVersion = 1;
	classes = {
	};
	objectVersion = 46;
	objects = {

/* Begin PBXBuildFile section */
		AD95B22E1F2E310A0008F8C5 /* AppDelegate.swift in Sources */ = {isa = PBXBuildFile; fileRef = AD95B22D1F2E310A0008F8C5 /* AppDelegate.swift */; };
		AD95B2301F2E310A0008F8C5 /* ViewController.swift in Sources */ = {isa = PBXBuildFile; fileRef = AD95B22F1F2E310A0008F8C5 /* ViewController.swift */; };
		AD95B2331F2E310A0008F8C5 /* Main.storyboard in Resources */ = {isa = PBXBuildFile; fileRef = AD95B2311F2E310A0008F8C5 /* Main.storyboard */; };
		AD95B2351F2E310A0008F8C5 /* Assets.xcassets in Resources */ = {isa = PBXBuildFile; fileRef = AD95B2341F2E310A0008F8C5 /* Assets.xcassets */; };
		AD95B2381F2E310A0008F8C5 /* LaunchScreen.storyboard in Resources */ = {isa = PBXBuildFile; fileRef = AD95B2361F2E310A0008F8C5 /* LaunchScreen.storyboard */; };
/* End PBXBuildFile section */

/* Begin PBXFileReference section */
		AD95B22A1F2E310A0008F8C5 /* DiagKnows.app */ = {isa = PBXFileReference; explicitFileType = wrapper.application; includeInIndex = 0; path = DiagKnows.app; sourceTree = BUILT_PRODUCTS_DIR; };
		AD95B22D1F2E310A0008F8C5 /* AppDelegate.swift */ = {isa = PBXFileReference; lastKnownFileType = sourcecode.swift; path = AppDelegate.swift; sourceTree = "<group>"; };
		AD95B22F1F2E310A0008F8C5 /* ViewController.swift */ = {isa = PBXFileReference; lastKnownFileType = sourcecode.swift; path = ViewController.swift; sourceTree = "<group>"; };
		AD95B2321F2E310A0008F8C5 /* Base */ = {isa = PBXFileReference; lastKnownFileType = file.storyboard; name = Base; path = Base.lproj/Main.storyboard; sourceTree = "<group>"; };
		AD95B2341F2E310A0008F8C5 /* Assets.xcassets */ = {isa = PBXFileReference; lastKnownFileType = folder.assetcatalog; path = Assets.xcassets; sourceTree = "<group>"; };
		AD95B2371F2E310A0008F8C5 /* Base */ = {isa = PBXFileReference; lastKnownFileType = file.storyboard; name = Base; path = Base.lproj/LaunchScreen.storyboard; sourceTree = "<group>"; };
		AD95B2391F2E310A0008F8C5 /* Info.plist */ = {isa = PBXFileReference; lastKnownFileType = text.plist.xml; path = Info.plist; sourceTree = "<group>"; };
/* End PBXFileReference section */

/* Begin PBXFrameworksBuildPhase section */
		AD95B2271F2E310A0008F8C5 /* Frameworks */ = {
			isa = PBXFrameworksBuildPhase;
			buildActionMask = 2147483647;
			files = (
			);
			runOnlyForDeploymentPostprocessing = 0;
		};
/* End PBXFrameworksBuildPhase section */

/* Begin PBXGroup section */
		AD95B2211F2E310A0008F8C5 = {
			isa = PBXGroup;
			children = (
				AD95B22C1F2E310A0008F8C5 /* DiagKnows */,
				AD95B22B1F2E310A0008F8C5 /* Products */,
			);
			sourceTree = "<group>";
		};
		AD95B22B1F2E310A0008F8C5 /* Products */ = {
			isa = PBXGroup;
			children = (
				AD95B22A1F2E310A0008F8C5 /* DiagKnows.app */,
			);
			name = Products;
			sourceTree = "<group>";
		};
		AD95B22C1F2E310A0008F8C5 /* DiagKnows */ = {
			isa = PBXGroup;
			children = (
				AD95B22D1F2E310A0008F8C5 /* AppDelegate.swift */,
				AD95B22F1F2E310A0008F8C5 /* ViewController.swift */,
				AD95B2311F2E310A0008F8C5 /* Main.storyboard */,
				AD95B2341F2E310A0008F8C5 /* Assets.xcassets */,
				AD95B2361F2E310A0008F8C5 /* LaunchScreen.storyboard */,
				AD95B2391F2E310A0008F8C5 /* Info.plist */,
			);
			path = DiagKnows;
			sourceTree = "<group>";
		};
/* End PBXGroup section */

/* Begin PBXNativeTarget section */
		AD95B2291F2E310A0008F8C5 /* DiagKnows */ = {
			isa = PBXNativeTarget;
			buildConfigurationList = AD95B23C1F2E310A0008F8C5 /* Build configuration list for PBXNativeTarget "DiagKnows" */;
			buildPhases = (
				AD95B2261F2E310A0008F8C5 /* Sources */,
				AD95B2271F2E310A0008F8C5 /* Frameworks */,
				AD95B2281F2E310A0008F8C5 /* Resources */,
			);
			buildRules = (
			);
			dependencies = (
			);
			name = DiagKnows;
			productName = DiagKnows;
			productReference = AD95B22A1F2E310A0008F8C5 /* DiagKnows.app */;
			productType = "com.apple.product-type.application";
		};
/* End PBXNativeTarget section */

/* Begin PBXProject section */
		AD95B2221F2E310A0008F8C5 /* Project object */ = {
			isa = PBXProject;
			attributes = {
				LastSwiftUpdateCheck = 0830;
				LastUpgradeCheck = 0830;
				ORGANIZATIONNAME = "James Lomas";
				TargetAttributes = {
					AD95B2291F2E310A0008F8C5 = {
						CreatedOnToolsVersion = 8.3.3;
						ProvisioningStyle = Automatic;
					};
				};
			};
			buildConfigurationList = AD95B2251F2E310A0008F8C5 /* Build configuration list for PBXProject "DiagKnows" */;
			compatibilityVersion = "Xcode 3.2";
			developmentRegion = English;
			hasScannedForEncodings = 0;
			knownRegions = (
				en,
				Base,
			);
			mainGroup = AD95B2211F2E310A0008F8C5;
			productRefGroup = AD95B22B1F2E310A0008F8C5 /* Products */;
			projectDirPath = "";
			projectRoot = "";
			targets = (
				AD95B2291F2E310A0008F8C5 /* DiagKnows */,
			);
		};
/* End PBXProject section */

/* Begin PBXResourcesBuildPhase section */
		AD95B2281F2E310A0008F8C5 /* Resources */ = {
			isa = PBXResourcesBuildPhase;
			buildActionMask = 2147483647;
			files = (
				AD95B2381F2E310A0008F8C5 /* LaunchScreen.storyboard in Resources */,
				AD95B2351F2E310A0008F8C5 /* Assets.xcassets in Resources */,
				AD95B2331F2E310A0008F8C5 /* Main.storyboard in Resources */,
			);
			runOnlyForDeploymentPostprocessing = 0;
		};
/* End PBXResourcesBuildPhase section */

/* Begin PBXSourcesBuildPhase section */
		AD95B2261F2E310A0008F8C5 /* Sources */ = {
			isa = PBXSourcesBuildPhase;
			buildActionMask = 2147483647;
			files = (
				AD95B2301F2E310A0008F8C5 /* ViewController.swift in Sources */,
				AD95B22E1F2E310A0008F8C5 /* AppDelegate.swift in Sources */,
			);
			runOnlyForDeploymentPostprocessing = 0;
		};
/* End PBXSourcesBuildPhase section */

/* Begin PBXVariantGroup section */
		AD95B2311F2E310A0008F8C5 /* Main.storyboard */ = {
			isa = PBXVariantGroup;
			children = (
				AD95B2321F2E310A0008F8C5 /* Base */,
			);
			name = Main.storyboard;
			sourceTree = "<group>";
		};
		AD95B2361F2E310A0008F8C5 /* LaunchScreen.storyboard */ = {
			isa = PBXVariantGroup;
			children = (
				AD95B2371F2E310A0008F8C5 /* Base */,
			);
			name = LaunchScreen.storyboard;
			sourceTree = "<group>";
		};
/* End PBXVariantGroup section */

/* Begin XCBuildConfiguration section */
		AD95B23A1F2E310A0008F8C5 /* Debug */ = {
			isa = XCBuildConfiguration;
			buildSettings = {
				ALWAYS_SEARCH_USER_PATHS = NO;
				CLANG_ANALYZER_NONNULL = YES;
				CLANG_ANALYZER_NUMBER_OBJECT_CONVERSION = YES_AGGRESSIVE;
				CLANG_CXX_LANGUAGE_STANDARD = "gnu++0x";
				CLANG_CXX_LIBRARY = "libc++";
				CLANG_ENABLE_MODULES = YES;
				CLANG_ENABLE_OBJC_ARC = YES;
				CLANG_WARN_BOOL_CONVERSION = YES;
				CLANG_WARN_CONSTANT_CONVERSION = YES;
				CLANG_WARN_DIRECT_OBJC_ISA_USAGE = YES_ERROR;
				CLANG_WARN_DOCUMENTATION_COMMENTS = YES;
				CLANG_WARN_EMPTY_BODY = YES;
				CLANG_WARN_ENUM_CONVERSION = YES;
				CLANG_WARN_INFINITE_RECURSION = YES;
				CLANG_WARN_INT_CONVERSION = YES;
				CLANG_WARN_OBJC_ROOT_CLASS = YES_ERROR;
				CLANG_WARN_SUSPICIOUS_MOVE = YES;
				CLANG_WARN_UNREACHABLE_CODE = YES;
				CLANG_WARN__DUPLICATE_METHOD_MATCH = YES;
				"CODE_SIGN_IDENTITY[sdk=iphoneos*]" = "iPhone Developer";
				COPY_PHASE_STRIP = NO;
				DEBUG_INFORMATION_FORMAT = dwarf;
				ENABLE_STRICT_OBJC_MSGSEND = YES;
				ENABLE_TESTABILITY = YES;
				GCC_C_LANGUAGE_STANDARD = gnu99;
				GCC_DYNAMIC_NO_PIC = NO;
				GCC_NO_COMMON_BLOCKS = YES;
				GCC_OPTIMIZATION_LEVEL = 0;
				GCC_PREPROCESSOR_DEFINITIONS = (
					"DEBUG=1",
					"$(inherited)",
				);
				GCC_WARN_64_TO_32_BIT_CONVERSION = YES;
				GCC_WARN_ABOUT_RETURN_TYPE = YES_ERROR;
				GCC_WARN_UNDECLARED_SELECTOR = YES;
				GCC_WARN_UNINITIALIZED_AUTOS = YES_AGGRESSIVE;
				GCC_WARN_UNUSED_FUNCTION = YES;
				GCC_WARN_UNUSED_VARIABLE = YES;
				IPHONEOS_DEPLOYMENT_TARGET = 10.3;
				MTL_ENABLE_DEBUG_INFO = YES;
				ONLY_ACTIVE_ARCH = YES;
				SDKROOT = iphoneos;
				SWIFT_ACTIVE_COMPILATION_CONDITIONS = DEBUG;
				SWIFT_OPTIMIZATION_LEVEL = "-Onone";
				TARGETED_DEVICE_FAMILY = "1,2";
			};
			name = Debug;
		};
		AD95B23B1F2E310A0008F8C5 /* Release */ = {
			isa = XCBuildConfiguration;
			buildSettings = {
				ALWAYS_SEARCH_USER_PATHS = NO;
				CLANG_ANALYZER_NONNULL = YES;
				CLANG_ANALYZER_NUMBER_OBJECT_CONVERSION = YES_AGGRESSIVE;
				CLANG_CXX_LANGUAGE_STANDARD = "gnu++0x";
				CLANG_CXX_LIBRARY = "libc++";
				CLANG_ENABLE_MODULES = YES;
				CLANG_ENABLE_OBJC_ARC = YES;
				CLANG_WARN_BOOL_CONVERSION = YES;
				CLANG_WARN_CONSTANT_CONVERSION = YES;
				CLANG_WARN_DIRECT_OBJC_ISA_USAGE = YES_ERROR;
				CLANG_WARN_DOCUMENTATION_COMMENTS = YES;
				CLANG_WARN_EMPTY_BODY = YES;
				CLANG_WARN_ENUM_CONVERSION = YES;
				CLANG_WARN_INFINITE_RECURSION = YES;
				CLANG_WARN_INT_CONVERSION = YES;
				CLANG_WARN_OBJC_ROOT_CLASS = YES_ERROR;
				CLANG_WARN_SUSPICIOUS_MOVE = YES;
				CLANG_WARN_UNREACHABLE_CODE = YES;
				CLANG_WARN__DUPLICATE_METHOD_MATCH = YES;
				"CODE_SIGN_IDENTITY[sdk=iphoneos*]" = "iPhone Developer";
				COPY_PHASE_STRIP = NO;
				DEBUG_INFORMATION_FORMAT = "dwarf-with-dsym";
				ENABLE_NS_ASSERTIONS = NO;
				ENABLE_STRICT_OBJC_MSGSEND = YES;
				GCC_C_LANGUAGE_STANDARD = gnu99;
				GCC_NO_COMMON_BLOCKS = YES;
				GCC_WARN_64_TO_32_BIT_CONVERSION = YES;
				GCC_WARN_ABOUT_RETURN_TYPE = YES_ERROR;
				GCC_WARN_UNDECLARED_SELECTOR = YES;
				GCC_WARN_UNINITIALIZED_AUTOS = YES_AGGRESSIVE;
				GCC_WARN_UNUSED_FUNCTION = YES;
				GCC_WARN_UNUSED_VARIABLE = YES;
				IPHONEOS_DEPLOYMENT_TARGET = 10.3;
				MTL_ENABLE_DEBUG_INFO = NO;
				SDKROOT = iphoneos;
				SWIFT_OPTIMIZATION_LEVEL = "-Owholemodule";
				TARGETED_DEVICE_FAMILY = "1,2";
				VALIDATE_PRODUCT = YES;
			};
			name = Release;
		};
		AD95B23D1F2E310A0008F8C5 /* Debug */ = {
			isa = XCBuildConfiguration;
			buildSettings = {
				ASSETCATALOG_COMPILER_APPICON_NAME = AppIcon;
				INFOPLIST_FILE = DiagKnows/Info.plist;
				LD_RUNPATH_SEARCH_PATHS = "$(inherited) @executable_path/Frameworks";
				PRODUCT_BUNDLE_IDENTIFIER = lomas.DiagKnows;
				PRODUCT_NAME = "$(TARGET_NAME)";
				SWIFT_VERSION = 3.0;
			};
			name = Debug;
		};
		AD95B23E1F2E310A0008F8C5 /* Release */ = {
			isa = XCBuildConfiguration;
			buildSettings = {
				ASSETCATALOG_COMPILER_APPICON_NAME = AppIcon;
				INFOPLIST_FILE = DiagKnows/Info.plist;
				LD_RUNPATH_SEARCH_PATHS = "$(inherited) @executable_path/Frameworks";
				PRODUCT_BUNDLE_IDENTIFIER = lomas.DiagKnows;
				PRODUCT_NAME = "$(TARGET_NAME)";
				SWIFT_VERSION = 3.0;
			};
			name = Release;
		};
/* End XCBuildConfiguration section */

/* Begin XCConfigurationList section */
		AD95B2251F2E310A0008F8C5 /* Build configuration list for PBXProject "DiagKnows" */ = {
			isa = XCConfigurationList;
			buildConfigurations = (
				AD95B23A1F2E310A0008F8C5 /* Debug */,
				AD95B23B1F2E310A0008F8C5 /* Release */,
			);
			defaultConfigurationIsVisible = 0;
			defaultConfigurationName = Release;
		};
		AD95B23C1F2E310A0008F8C5 /* Build configuration list for PBXNativeTarget "DiagKnows" */ = {
			isa = XCConfigurationList;
			buildConfigurations = (
				AD95B23D1F2E310A0008F8C5 /* Debug */,
				AD95B23E1F2E310A0008F8C5 /* Release */,
			);
			defaultConfigurationIsVisible = 0;
		};
/* End XCConfigurationList section */
	};
	rootObject = AD95B2221F2E310A0008F8C5 /* Project object */;
}
