// !$*UTF8*$!
{
	archiveVersion = 1;
	classes = {
	};
	objectVersion = 48;
	objects = {

/* Begin PBXBuildFile section */
		AD4BE1DF1F2F433B00E61072 /* Player.swift in Sources */ = {isa = PBXBuildFile; fileRef = AD4BE1DE1F2F433B00E61072 /* Player.swift */; };
		AD7A76501F2A2EB0007FC788 /* LeagueViewController.swift in Sources */ = {isa = PBXBuildFile; fileRef = AD7A764F1F2A2EB0007FC788 /* LeagueViewController.swift */; };
		AD7A76521F2A2EC1007FC788 /* SkillViewContoller.swift in Sources */ = {isa = PBXBuildFile; fileRef = AD7A76511F2A2EC1007FC788 /* SkillViewContoller.swift */; };
		ADBDED2A1F28D7B7006EB1D7 /* AppDelegate.swift in Sources */ = {isa = PBXBuildFile; fileRef = ADBDED291F28D7B7006EB1D7 /* AppDelegate.swift */; };
		ADBDED2C1F28D7B7006EB1D7 /* WelcomeViewController.swift in Sources */ = {isa = PBXBuildFile; fileRef = ADBDED2B1F28D7B7006EB1D7 /* WelcomeViewController.swift */; };
		ADBDED2F1F28D7B7006EB1D7 /* Main.storyboard in Resources */ = {isa = PBXBuildFile; fileRef = ADBDED2D1F28D7B7006EB1D7 /* Main.storyboard */; };
		ADBDED311F28D7B7006EB1D7 /* Assets.xcassets in Resources */ = {isa = PBXBuildFile; fileRef = ADBDED301F28D7B7006EB1D7 /* Assets.xcassets */; };
		ADBDED341F28D7B7006EB1D7 /* LaunchScreen.storyboard in Resources */ = {isa = PBXBuildFile; fileRef = ADBDED321F28D7B7006EB1D7 /* LaunchScreen.storyboard */; };
		ADBDED3D1F28DC6E006EB1D7 /* BorderButton.swift in Sources */ = {isa = PBXBuildFile; fileRef = ADBDED3C1F28DC6E006EB1D7 /* BorderButton.swift */; };
/* End PBXBuildFile section */

/* Begin PBXFileReference section */
		AD4BE1DE1F2F433B00E61072 /* Player.swift */ = {isa = PBXFileReference; lastKnownFileType = sourcecode.swift; path = Player.swift; sourceTree = "<group>"; };
		AD7A764F1F2A2EB0007FC788 /* LeagueViewController.swift */ = {isa = PBXFileReference; lastKnownFileType = sourcecode.swift; path = LeagueViewController.swift; sourceTree = "<group>"; };
		AD7A76511F2A2EC1007FC788 /* SkillViewContoller.swift */ = {isa = PBXFileReference; lastKnownFileType = sourcecode.swift; path = SkillViewContoller.swift; sourceTree = "<group>"; };
		ADBDED261F28D7B7006EB1D7 /* app-swoosh.app */ = {isa = PBXFileReference; explicitFileType = wrapper.application; includeInIndex = 0; path = "app-swoosh.app"; sourceTree = BUILT_PRODUCTS_DIR; };
		ADBDED291F28D7B7006EB1D7 /* AppDelegate.swift */ = {isa = PBXFileReference; lastKnownFileType = sourcecode.swift; path = AppDelegate.swift; sourceTree = "<group>"; };
		ADBDED2B1F28D7B7006EB1D7 /* WelcomeViewController.swift */ = {isa = PBXFileReference; lastKnownFileType = sourcecode.swift; path = WelcomeViewController.swift; sourceTree = "<group>"; };
		ADBDED2E1F28D7B7006EB1D7 /* Base */ = {isa = PBXFileReference; lastKnownFileType = file.storyboard; name = Base; path = Base.lproj/Main.storyboard; sourceTree = "<group>"; };
		ADBDED301F28D7B7006EB1D7 /* Assets.xcassets */ = {isa = PBXFileReference; lastKnownFileType = folder.assetcatalog; path = Assets.xcassets; sourceTree = "<group>"; };
		ADBDED331F28D7B7006EB1D7 /* Base */ = {isa = PBXFileReference; lastKnownFileType = file.storyboard; name = Base; path = Base.lproj/LaunchScreen.storyboard; sourceTree = "<group>"; };
		ADBDED351F28D7B7006EB1D7 /* Info.plist */ = {isa = PBXFileReference; lastKnownFileType = text.plist.xml; path = Info.plist; sourceTree = "<group>"; };
		ADBDED3C1F28DC6E006EB1D7 /* BorderButton.swift */ = {isa = PBXFileReference; lastKnownFileType = sourcecode.swift; path = BorderButton.swift; sourceTree = "<group>"; };
/* End PBXFileReference section */

/* Begin PBXFrameworksBuildPhase section */
		ADBDED231F28D7B7006EB1D7 /* Frameworks */ = {
			isa = PBXFrameworksBuildPhase;
			buildActionMask = 2147483647;
			files = (
			);
			runOnlyForDeploymentPostprocessing = 0;
		};
/* End PBXFrameworksBuildPhase section */

/* Begin PBXGroup section */
		AD7A764D1F2A2DFC007FC788 /* Controller */ = {
			isa = PBXGroup;
			children = (
				ADBDED2B1F28D7B7006EB1D7 /* WelcomeViewController.swift */,
				AD7A764F1F2A2EB0007FC788 /* LeagueViewController.swift */,
				AD7A76511F2A2EC1007FC788 /* SkillViewContoller.swift */,
			);
			path = Controller;
			sourceTree = "<group>";
		};
		AD7A764E1F2A2E04007FC788 /* Model */ = {
			isa = PBXGroup;
			children = (
				AD4BE1DE1F2F433B00E61072 /* Player.swift */,
			);
			path = Model;
			sourceTree = "<group>";
		};
		ADBDED1D1F28D7B7006EB1D7 = {
			isa = PBXGroup;
			children = (
				ADBDED281F28D7B7006EB1D7 /* app-swoosh */,
				ADBDED271F28D7B7006EB1D7 /* Products */,
			);
			sourceTree = "<group>";
		};
		ADBDED271F28D7B7006EB1D7 /* Products */ = {
			isa = PBXGroup;
			children = (
				ADBDED261F28D7B7006EB1D7 /* app-swoosh.app */,
			);
			name = Products;
			sourceTree = "<group>";
		};
		ADBDED281F28D7B7006EB1D7 /* app-swoosh */ = {
			isa = PBXGroup;
			children = (
				AD7A764E1F2A2E04007FC788 /* Model */,
				AD7A764D1F2A2DFC007FC788 /* Controller */,
				ADBDED3B1F28DC15006EB1D7 /* View */,
				ADBDED291F28D7B7006EB1D7 /* AppDelegate.swift */,
				ADBDED2D1F28D7B7006EB1D7 /* Main.storyboard */,
				ADBDED301F28D7B7006EB1D7 /* Assets.xcassets */,
				ADBDED321F28D7B7006EB1D7 /* LaunchScreen.storyboard */,
				ADBDED351F28D7B7006EB1D7 /* Info.plist */,
			);
			path = "app-swoosh";
			sourceTree = "<group>";
		};
		ADBDED3B1F28DC15006EB1D7 /* View */ = {
			isa = PBXGroup;
			children = (
				ADBDED3C1F28DC6E006EB1D7 /* BorderButton.swift */,
			);
			path = View;
			sourceTree = "<group>";
		};
/* End PBXGroup section */

/* Begin PBXNativeTarget section */
		ADBDED251F28D7B7006EB1D7 /* app-swoosh */ = {
			isa = PBXNativeTarget;
			buildConfigurationList = ADBDED381F28D7B7006EB1D7 /* Build configuration list for PBXNativeTarget "app-swoosh" */;
			buildPhases = (
				ADBDED221F28D7B7006EB1D7 /* Sources */,
				ADBDED231F28D7B7006EB1D7 /* Frameworks */,
				ADBDED241F28D7B7006EB1D7 /* Resources */,
			);
			buildRules = (
			);
			dependencies = (
			);
			name = "app-swoosh";
			productName = "app-swoosh";
			productReference = ADBDED261F28D7B7006EB1D7 /* app-swoosh.app */;
			productType = "com.apple.product-type.application";
		};
/* End PBXNativeTarget section */

/* Begin PBXProject section */
		ADBDED1E1F28D7B7006EB1D7 /* Project object */ = {
			isa = PBXProject;
			attributes = {
				LastSwiftUpdateCheck = 0900;
				LastUpgradeCheck = 0900;
				ORGANIZATIONNAME = "James Lomas";
				TargetAttributes = {
					ADBDED251F28D7B7006EB1D7 = {
						CreatedOnToolsVersion = 9.0;
					};
				};
			};
			buildConfigurationList = ADBDED211F28D7B7006EB1D7 /* Build configuration list for PBXProject "app-swoosh" */;
			compatibilityVersion = "Xcode 8.0";
			developmentRegion = en;
			hasScannedForEncodings = 0;
			knownRegions = (
				en,
				Base,
			);
			mainGroup = ADBDED1D1F28D7B7006EB1D7;
			productRefGroup = ADBDED271F28D7B7006EB1D7 /* Products */;
			projectDirPath = "";
			projectRoot = "";
			targets = (
				ADBDED251F28D7B7006EB1D7 /* app-swoosh */,
			);
		};
/* End PBXProject section */

/* Begin PBXResourcesBuildPhase section */
		ADBDED241F28D7B7006EB1D7 /* Resources */ = {
			isa = PBXResourcesBuildPhase;
			buildActionMask = 2147483647;
			files = (
				ADBDED341F28D7B7006EB1D7 /* LaunchScreen.storyboard in Resources */,
				ADBDED311F28D7B7006EB1D7 /* Assets.xcassets in Resources */,
				ADBDED2F1F28D7B7006EB1D7 /* Main.storyboard in Resources */,
			);
			runOnlyForDeploymentPostprocessing = 0;
		};
/* End PBXResourcesBuildPhase section */

/* Begin PBXSourcesBuildPhase section */
		ADBDED221F28D7B7006EB1D7 /* Sources */ = {
			isa = PBXSourcesBuildPhase;
			buildActionMask = 2147483647;
			files = (
				ADBDED2C1F28D7B7006EB1D7 /* WelcomeViewController.swift in Sources */,
				ADBDED2A1F28D7B7006EB1D7 /* AppDelegate.swift in Sources */,
				ADBDED3D1F28DC6E006EB1D7 /* BorderButton.swift in Sources */,
				AD7A76521F2A2EC1007FC788 /* SkillViewContoller.swift in Sources */,
				AD4BE1DF1F2F433B00E61072 /* Player.swift in Sources */,
				AD7A76501F2A2EB0007FC788 /* LeagueViewController.swift in Sources */,
			);
			runOnlyForDeploymentPostprocessing = 0;
		};
/* End PBXSourcesBuildPhase section */

/* Begin PBXVariantGroup section */
		ADBDED2D1F28D7B7006EB1D7 /* Main.storyboard */ = {
			isa = PBXVariantGroup;
			children = (
				ADBDED2E1F28D7B7006EB1D7 /* Base */,
			);
			name = Main.storyboard;
			sourceTree = "<group>";
		};
		ADBDED321F28D7B7006EB1D7 /* LaunchScreen.storyboard */ = {
			isa = PBXVariantGroup;
			children = (
				ADBDED331F28D7B7006EB1D7 /* Base */,
			);
			name = LaunchScreen.storyboard;
			sourceTree = "<group>";
		};
/* End PBXVariantGroup section */

/* Begin XCBuildConfiguration section */
		ADBDED361F28D7B7006EB1D7 /* Debug */ = {
			isa = XCBuildConfiguration;
			buildSettings = {
				ALWAYS_SEARCH_USER_PATHS = NO;
				CLANG_ANALYZER_NONNULL = YES;
				CLANG_ANALYZER_NUMBER_OBJECT_CONVERSION = YES_AGGRESSIVE;
				CLANG_CXX_LANGUAGE_STANDARD = "gnu++14";
				CLANG_CXX_LIBRARY = "libc++";
				CLANG_ENABLE_MODULES = YES;
				CLANG_ENABLE_OBJC_ARC = YES;
				CLANG_WARN_BLOCK_CAPTURE_AUTORELEASING = YES;
				CLANG_WARN_BOOL_CONVERSION = YES;
				CLANG_WARN_COMMA = YES;
				CLANG_WARN_CONSTANT_CONVERSION = YES;
				CLANG_WARN_DIRECT_OBJC_ISA_USAGE = YES_ERROR;
				CLANG_WARN_DOCUMENTATION_COMMENTS = YES;
				CLANG_WARN_EMPTY_BODY = YES;
				CLANG_WARN_ENUM_CONVERSION = YES;
				CLANG_WARN_INFINITE_RECURSION = YES;
				CLANG_WARN_INT_CONVERSION = YES;
				CLANG_WARN_NON_LITERAL_NULL_CONVERSION = YES;
				CLANG_WARN_OBJC_LITERAL_CONVERSION = YES;
				CLANG_WARN_OBJC_ROOT_CLASS = YES_ERROR;
				CLANG_WARN_RANGE_LOOP_ANALYSIS = YES;
				CLANG_WARN_STRICT_PROTOTYPES = YES;
				CLANG_WARN_SUSPICIOUS_MOVE = YES;
				CLANG_WARN_UNGUARDED_AVAILABILITY = YES_AGGRESSIVE;
				CLANG_WARN_UNREACHABLE_CODE = YES;
				CLANG_WARN__DUPLICATE_METHOD_MATCH = YES;
				CODE_SIGN_IDENTITY = "iPhone Developer";
				COPY_PHASE_STRIP = NO;
				DEBUG_INFORMATION_FORMAT = dwarf;
				ENABLE_STRICT_OBJC_MSGSEND = YES;
				ENABLE_TESTABILITY = YES;
				GCC_C_LANGUAGE_STANDARD = gnu11;
				GCC_DYNAMIC_NO_PIC = NO;
				GCC_NO_COMMON_BLOCKS = YES;
				GCC_OPTIMIZATION_LEVEL = 0;
				GCC_PREPROCESSOR_DEFINITIONS = (
					"DEBUG=1",
					"$(inherited)",
				);
				GCC_WARN_64_TO_32_BIT_CONVERSION = YES;
				GCC_WARN_ABOUT_RETURN_TYPE = YES_ERROR;
				GCC_WARN_UNDECLARED_SELECTOR = YES;
				GCC_WARN_UNINITIALIZED_AUTOS = YES_AGGRESSIVE;
				GCC_WARN_UNUSED_FUNCTION = YES;
				GCC_WARN_UNUSED_VARIABLE = YES;
				IPHONEOS_DEPLOYMENT_TARGET = 11.0;
				MTL_ENABLE_DEBUG_INFO = YES;
				ONLY_ACTIVE_ARCH = YES;
				SDKROOT = iphoneos;
				SWIFT_ACTIVE_COMPILATION_CONDITIONS = DEBUG;
				SWIFT_OPTIMIZATION_LEVEL = "-Onone";
			};
			name = Debug;
		};
		ADBDED371F28D7B7006EB1D7 /* Release */ = {
			isa = XCBuildConfiguration;
			buildSettings = {
				ALWAYS_SEARCH_USER_PATHS = NO;
				CLANG_ANALYZER_NONNULL = YES;
				CLANG_ANALYZER_NUMBER_OBJECT_CONVERSION = YES_AGGRESSIVE;
				CLANG_CXX_LANGUAGE_STANDARD = "gnu++14";
				CLANG_CXX_LIBRARY = "libc++";
				CLANG_ENABLE_MODULES = YES;
				CLANG_ENABLE_OBJC_ARC = YES;
				CLANG_WARN_BLOCK_CAPTURE_AUTORELEASING = YES;
				CLANG_WARN_BOOL_CONVERSION = YES;
				CLANG_WARN_COMMA = YES;
				CLANG_WARN_CONSTANT_CONVERSION = YES;
				CLANG_WARN_DIRECT_OBJC_ISA_USAGE = YES_ERROR;
				CLANG_WARN_DOCUMENTATION_COMMENTS = YES;
				CLANG_WARN_EMPTY_BODY = YES;
				CLANG_WARN_ENUM_CONVERSION = YES;
				CLANG_WARN_INFINITE_RECURSION = YES;
				CLANG_WARN_INT_CONVERSION = YES;
				CLANG_WARN_NON_LITERAL_NULL_CONVERSION = YES;
				CLANG_WARN_OBJC_LITERAL_CONVERSION = YES;
				CLANG_WARN_OBJC_ROOT_CLASS = YES_ERROR;
				CLANG_WARN_RANGE_LOOP_ANALYSIS = YES;
				CLANG_WARN_STRICT_PROTOTYPES = YES;
				CLANG_WARN_SUSPICIOUS_MOVE = YES;
				CLANG_WARN_UNGUARDED_AVAILABILITY = YES_AGGRESSIVE;
				CLANG_WARN_UNREACHABLE_CODE = YES;
				CLANG_WARN__DUPLICATE_METHOD_MATCH = YES;
				CODE_SIGN_IDENTITY = "iPhone Developer";
				COPY_PHASE_STRIP = NO;
				DEBUG_INFORMATION_FORMAT = "dwarf-with-dsym";
				ENABLE_NS_ASSERTIONS = NO;
				ENABLE_STRICT_OBJC_MSGSEND = YES;
				GCC_C_LANGUAGE_STANDARD = gnu11;
				GCC_NO_COMMON_BLOCKS = YES;
				GCC_WARN_64_TO_32_BIT_CONVERSION = YES;
				GCC_WARN_ABOUT_RETURN_TYPE = YES_ERROR;
				GCC_WARN_UNDECLARED_SELECTOR = YES;
				GCC_WARN_UNINITIALIZED_AUTOS = YES_AGGRESSIVE;
				GCC_WARN_UNUSED_FUNCTION = YES;
				GCC_WARN_UNUSED_VARIABLE = YES;
				IPHONEOS_DEPLOYMENT_TARGET = 11.0;
				MTL_ENABLE_DEBUG_INFO = NO;
				SDKROOT = iphoneos;
				SWIFT_OPTIMIZATION_LEVEL = "-Owholemodule";
				VALIDATE_PRODUCT = YES;
			};
			name = Release;
		};
		ADBDED391F28D7B7006EB1D7 /* Debug */ = {
			isa = XCBuildConfiguration;
			buildSettings = {
				ASSETCATALOG_COMPILER_APPICON_NAME = AppIcon;
				INFOPLIST_FILE = "app-swoosh/Info.plist";
				LD_RUNPATH_SEARCH_PATHS = "$(inherited) @executable_path/Frameworks";
				PRODUCT_BUNDLE_IDENTIFIER = "lomas.app-swoosh";
				PRODUCT_NAME = "$(TARGET_NAME)";
				SWIFT_VERSION = 4.0;
				TARGETED_DEVICE_FAMILY = "1,2";
			};
			name = Debug;
		};
		ADBDED3A1F28D7B7006EB1D7 /* Release */ = {
			isa = XCBuildConfiguration;
			buildSettings = {
				ASSETCATALOG_COMPILER_APPICON_NAME = AppIcon;
				INFOPLIST_FILE = "app-swoosh/Info.plist";
				LD_RUNPATH_SEARCH_PATHS = "$(inherited) @executable_path/Frameworks";
				PRODUCT_BUNDLE_IDENTIFIER = "lomas.app-swoosh";
				PRODUCT_NAME = "$(TARGET_NAME)";
				SWIFT_VERSION = 4.0;
				TARGETED_DEVICE_FAMILY = "1,2";
			};
			name = Release;
		};
/* End XCBuildConfiguration section */

/* Begin XCConfigurationList section */
		ADBDED211F28D7B7006EB1D7 /* Build configuration list for PBXProject "app-swoosh" */ = {
			isa = XCConfigurationList;
			buildConfigurations = (
				ADBDED361F28D7B7006EB1D7 /* Debug */,
				ADBDED371F28D7B7006EB1D7 /* Release */,
			);
			defaultConfigurationIsVisible = 0;
			defaultConfigurationName = Release;
		};
		ADBDED381F28D7B7006EB1D7 /* Build configuration list for PBXNativeTarget "app-swoosh" */ = {
			isa = XCConfigurationList;
			buildConfigurations = (
				ADBDED391F28D7B7006EB1D7 /* Debug */,
				ADBDED3A1F28D7B7006EB1D7 /* Release */,
			);
			defaultConfigurationIsVisible = 0;
			defaultConfigurationName = Release;
		};
/* End XCConfigurationList section */
	};
	rootObject = ADBDED1E1F28D7B7006EB1D7 /* Project object */;
}
